// !$*UTF8*$!
{
	archiveVersion = 1;
	classes = {
	};
	objectVersion = 55;
	objects = {

/* Begin PBXBuildFile section */
		8C358B1FB2C60DD5DFF639D2 /* Pods_Messenger.framework in Frameworks */ = {isa = PBXBuildFile; fileRef = 5C6843C784F4B3553D44E83A /* Pods_Messenger.framework */; };
		8D7AE8C727DDDB5C00B3C681 /* GoogleService-Info.plist in Resources */ = {isa = PBXBuildFile; fileRef = 8D7AE8C627DDDB5C00B3C681 /* GoogleService-Info.plist */; };
		8D7AE8C927E109C100B3C681 /* DatabaseManager.swift in Sources */ = {isa = PBXBuildFile; fileRef = 8D7AE8C827E109C100B3C681 /* DatabaseManager.swift */; };
		8D7FD7D727C2A9C6001C5647 /* R.generated.swift in Sources */ = {isa = PBXBuildFile; fileRef = 8D7FD7D627C2A9C6001C5647 /* R.generated.swift */; };
		8D7FD7D927C2ABE5001C5647 /* Extensions.swift in Sources */ = {isa = PBXBuildFile; fileRef = 8D7FD7D827C2ABE5001C5647 /* Extensions.swift */; };
		8DD0DAF8278611A800F113AD /* AppDelegate.swift in Sources */ = {isa = PBXBuildFile; fileRef = 8DD0DAF7278611A800F113AD /* AppDelegate.swift */; };
		8DD0DAFA278611A800F113AD /* SceneDelegate.swift in Sources */ = {isa = PBXBuildFile; fileRef = 8DD0DAF9278611A800F113AD /* SceneDelegate.swift */; };
		8DD0DAFC278611A800F113AD /* ConversationViewController.swift in Sources */ = {isa = PBXBuildFile; fileRef = 8DD0DAFB278611A800F113AD /* ConversationViewController.swift */; };
		8DD0DAFF278611A800F113AD /* Main.storyboard in Resources */ = {isa = PBXBuildFile; fileRef = 8DD0DAFD278611A800F113AD /* Main.storyboard */; };
		8DD0DB01278611AA00F113AD /* Assets.xcassets in Resources */ = {isa = PBXBuildFile; fileRef = 8DD0DB00278611AA00F113AD /* Assets.xcassets */; };
		8DD0DB04278611AA00F113AD /* LaunchScreen.storyboard in Resources */ = {isa = PBXBuildFile; fileRef = 8DD0DB02278611AA00F113AD /* LaunchScreen.storyboard */; };
		8DD0DB122787469600F113AD /* LoginViewController.swift in Sources */ = {isa = PBXBuildFile; fileRef = 8DD0DB112787469600F113AD /* LoginViewController.swift */; };
		8DD0DB14278746A200F113AD /* RegisterViewController.swift in Sources */ = {isa = PBXBuildFile; fileRef = 8DD0DB13278746A200F113AD /* RegisterViewController.swift */; };
		8DD0DB1627874BCD00F113AD /* PhotoViewerViewController.swift in Sources */ = {isa = PBXBuildFile; fileRef = 8DD0DB1527874BCD00F113AD /* PhotoViewerViewController.swift */; };
		8DD0DB1827874BDA00F113AD /* VideoPlayerViewController.swift in Sources */ = {isa = PBXBuildFile; fileRef = 8DD0DB1727874BDA00F113AD /* VideoPlayerViewController.swift */; };
		8DD0DB1A27874BF600F113AD /* NewConversationViewController.swift in Sources */ = {isa = PBXBuildFile; fileRef = 8DD0DB1927874BF600F113AD /* NewConversationViewController.swift */; };
		8DD0DB1C27874C0C00F113AD /* ProfileViewController.swift in Sources */ = {isa = PBXBuildFile; fileRef = 8DD0DB1B27874C0C00F113AD /* ProfileViewController.swift */; };
/* End PBXBuildFile section */

/* Begin PBXFileReference section */
		5C6843C784F4B3553D44E83A /* Pods_Messenger.framework */ = {isa = PBXFileReference; explicitFileType = wrapper.framework; includeInIndex = 0; path = Pods_Messenger.framework; sourceTree = BUILT_PRODUCTS_DIR; };
		8D7AE8C627DDDB5C00B3C681 /* GoogleService-Info.plist */ = {isa = PBXFileReference; fileEncoding = 4; lastKnownFileType = text.plist.xml; path = "GoogleService-Info.plist"; sourceTree = "<group>"; };
		8D7AE8C827E109C100B3C681 /* DatabaseManager.swift */ = {isa = PBXFileReference; lastKnownFileType = sourcecode.swift; path = DatabaseManager.swift; sourceTree = "<group>"; };
		8D7FD7D627C2A9C6001C5647 /* R.generated.swift */ = {isa = PBXFileReference; fileEncoding = 4; lastKnownFileType = sourcecode.swift; path = R.generated.swift; sourceTree = SOURCE_ROOT; };
		8D7FD7D827C2ABE5001C5647 /* Extensions.swift */ = {isa = PBXFileReference; lastKnownFileType = sourcecode.swift; path = Extensions.swift; sourceTree = "<group>"; };
		8DD0DAF4278611A800F113AD /* Messenger.app */ = {isa = PBXFileReference; explicitFileType = wrapper.application; includeInIndex = 0; path = Messenger.app; sourceTree = BUILT_PRODUCTS_DIR; };
		8DD0DAF7278611A800F113AD /* AppDelegate.swift */ = {isa = PBXFileReference; lastKnownFileType = sourcecode.swift; path = AppDelegate.swift; sourceTree = "<group>"; };
		8DD0DAF9278611A800F113AD /* SceneDelegate.swift */ = {isa = PBXFileReference; lastKnownFileType = sourcecode.swift; path = SceneDelegate.swift; sourceTree = "<group>"; };
		8DD0DAFB278611A800F113AD /* ConversationViewController.swift */ = {isa = PBXFileReference; lastKnownFileType = sourcecode.swift; path = ConversationViewController.swift; sourceTree = "<group>"; };
		8DD0DAFE278611A800F113AD /* Base */ = {isa = PBXFileReference; lastKnownFileType = file.storyboard; name = Base; path = Base.lproj/Main.storyboard; sourceTree = "<group>"; };
		8DD0DB00278611AA00F113AD /* Assets.xcassets */ = {isa = PBXFileReference; lastKnownFileType = folder.assetcatalog; path = Assets.xcassets; sourceTree = "<group>"; };
		8DD0DB03278611AA00F113AD /* Base */ = {isa = PBXFileReference; lastKnownFileType = file.storyboard; name = Base; path = Base.lproj/LaunchScreen.storyboard; sourceTree = "<group>"; };
		8DD0DB05278611AA00F113AD /* Info.plist */ = {isa = PBXFileReference; lastKnownFileType = text.plist.xml; path = Info.plist; sourceTree = "<group>"; };
		8DD0DB112787469600F113AD /* LoginViewController.swift */ = {isa = PBXFileReference; lastKnownFileType = sourcecode.swift; path = LoginViewController.swift; sourceTree = "<group>"; };
		8DD0DB13278746A200F113AD /* RegisterViewController.swift */ = {isa = PBXFileReference; lastKnownFileType = sourcecode.swift; path = RegisterViewController.swift; sourceTree = "<group>"; };
		8DD0DB1527874BCD00F113AD /* PhotoViewerViewController.swift */ = {isa = PBXFileReference; lastKnownFileType = sourcecode.swift; path = PhotoViewerViewController.swift; sourceTree = "<group>"; };
		8DD0DB1727874BDA00F113AD /* VideoPlayerViewController.swift */ = {isa = PBXFileReference; lastKnownFileType = sourcecode.swift; path = VideoPlayerViewController.swift; sourceTree = "<group>"; };
		8DD0DB1927874BF600F113AD /* NewConversationViewController.swift */ = {isa = PBXFileReference; lastKnownFileType = sourcecode.swift; path = NewConversationViewController.swift; sourceTree = "<group>"; };
		8DD0DB1B27874C0C00F113AD /* ProfileViewController.swift */ = {isa = PBXFileReference; lastKnownFileType = sourcecode.swift; path = ProfileViewController.swift; sourceTree = "<group>"; };
		96FBD4943CB7A118F35C70FF /* Pods-Messenger.release.xcconfig */ = {isa = PBXFileReference; includeInIndex = 1; lastKnownFileType = text.xcconfig; name = "Pods-Messenger.release.xcconfig"; path = "Target Support Files/Pods-Messenger/Pods-Messenger.release.xcconfig"; sourceTree = "<group>"; };
		9CC871769872C262E01AEC76 /* Pods-Messenger.debug.xcconfig */ = {isa = PBXFileReference; includeInIndex = 1; lastKnownFileType = text.xcconfig; name = "Pods-Messenger.debug.xcconfig"; path = "Target Support Files/Pods-Messenger/Pods-Messenger.debug.xcconfig"; sourceTree = "<group>"; };
/* End PBXFileReference section */

/* Begin PBXFrameworksBuildPhase section */
		8DD0DAF1278611A800F113AD /* Frameworks */ = {
			isa = PBXFrameworksBuildPhase;
			buildActionMask = 2147483647;
			files = (
				8C358B1FB2C60DD5DFF639D2 /* Pods_Messenger.framework in Frameworks */,
			);
			runOnlyForDeploymentPostprocessing = 0;
		};
/* End PBXFrameworksBuildPhase section */

/* Begin PBXGroup section */
		44B9666D62C9258C0E63BAA1 /* Frameworks */ = {
			isa = PBXGroup;
			children = (
				5C6843C784F4B3553D44E83A /* Pods_Messenger.framework */,
			);
			name = Frameworks;
			sourceTree = "<group>";
		};
		8DD0DAEB278611A800F113AD = {
			isa = PBXGroup;
			children = (
				8DD0DAF6278611A800F113AD /* Messenger */,
				8DD0DAF5278611A800F113AD /* Products */,
				E37967A6EB9AD304EA4D9C9A /* Pods */,
				44B9666D62C9258C0E63BAA1 /* Frameworks */,
			);
			sourceTree = "<group>";
		};
		8DD0DAF5278611A800F113AD /* Products */ = {
			isa = PBXGroup;
			children = (
				8DD0DAF4278611A800F113AD /* Messenger.app */,
			);
			name = Products;
			sourceTree = "<group>";
		};
		8DD0DAF6278611A800F113AD /* Messenger */ = {
			isa = PBXGroup;
			children = (
				8DD0DB0F2787457E00F113AD /* Views */,
				8DD0DB0E2787457A00F113AD /* Controllers */,
				8DD0DB0D2787457500F113AD /* Models */,
				8DD0DB0C2787456E00F113AD /* ViewModels */,
				8DD0DB0B2787456900F113AD /* Resources */,
				8DD0DB00278611AA00F113AD /* Assets.xcassets */,
				8D7AE8C627DDDB5C00B3C681 /* GoogleService-Info.plist */,
				8DD0DB05278611AA00F113AD /* Info.plist */,
				8D7FD7D627C2A9C6001C5647 /* R.generated.swift */,
			);
			path = Messenger;
			sourceTree = "<group>";
		};
		8DD0DB0B2787456900F113AD /* Resources */ = {
			isa = PBXGroup;
			children = (
				8DD0DAF7278611A800F113AD /* AppDelegate.swift */,
				8DD0DAF9278611A800F113AD /* SceneDelegate.swift */,
				8D7FD7D827C2ABE5001C5647 /* Extensions.swift */,
				8D7AE8C827E109C100B3C681 /* DatabaseManager.swift */,
			);
			path = Resources;
			sourceTree = "<group>";
		};
		8DD0DB0C2787456E00F113AD /* ViewModels */ = {
			isa = PBXGroup;
			children = (
			);
			path = ViewModels;
			sourceTree = "<group>";
		};
		8DD0DB0D2787457500F113AD /* Models */ = {
			isa = PBXGroup;
			children = (
			);
			path = Models;
			sourceTree = "<group>";
		};
		8DD0DB0E2787457A00F113AD /* Controllers */ = {
			isa = PBXGroup;
			children = (
				8DD0DAFB278611A800F113AD /* ConversationViewController.swift */,
				8DD0DB1D27874E6200F113AD /* Login */,
				8DD0DB1527874BCD00F113AD /* PhotoViewerViewController.swift */,
				8DD0DB1727874BDA00F113AD /* VideoPlayerViewController.swift */,
				8DD0DB1927874BF600F113AD /* NewConversationViewController.swift */,
				8DD0DB1B27874C0C00F113AD /* ProfileViewController.swift */,
			);
			path = Controllers;
			sourceTree = "<group>";
		};
		8DD0DB0F2787457E00F113AD /* Views */ = {
			isa = PBXGroup;
			children = (
				8DD0DB10278745A900F113AD /* Storyboards */,
			);
			path = Views;
			sourceTree = "<group>";
		};
		8DD0DB10278745A900F113AD /* Storyboards */ = {
			isa = PBXGroup;
			children = (
				8DD0DAFD278611A800F113AD /* Main.storyboard */,
				8DD0DB02278611AA00F113AD /* LaunchScreen.storyboard */,
			);
			path = Storyboards;
			sourceTree = "<group>";
		};
		8DD0DB1D27874E6200F113AD /* Login */ = {
			isa = PBXGroup;
			children = (
				8DD0DB112787469600F113AD /* LoginViewController.swift */,
				8DD0DB13278746A200F113AD /* RegisterViewController.swift */,
			);
			path = Login;
			sourceTree = "<group>";
		};
		E37967A6EB9AD304EA4D9C9A /* Pods */ = {
			isa = PBXGroup;
			children = (
				9CC871769872C262E01AEC76 /* Pods-Messenger.debug.xcconfig */,
				96FBD4943CB7A118F35C70FF /* Pods-Messenger.release.xcconfig */,
			);
			path = Pods;
			sourceTree = "<group>";
		};
/* End PBXGroup section */

/* Begin PBXNativeTarget section */
		8DD0DAF3278611A800F113AD /* Messenger */ = {
			isa = PBXNativeTarget;
			buildConfigurationList = 8DD0DB08278611AA00F113AD /* Build configuration list for PBXNativeTarget "Messenger" */;
			buildPhases = (
				0C85E1F1B61B0C030479AD49 /* [CP] Check Pods Manifest.lock */,
				8D7FD7D527C2A8BA001C5647 /* ShellScript */,
				8DD0DAF0278611A800F113AD /* Sources */,
				8DD0DAF1278611A800F113AD /* Frameworks */,
				8DD0DAF2278611A800F113AD /* Resources */,
				04EE2C25D6A2E4314ABC75DA /* [CP] Embed Pods Frameworks */,
			);
			buildRules = (
			);
			dependencies = (
			);
			name = Messenger;
			productName = Messenger;
			productReference = 8DD0DAF4278611A800F113AD /* Messenger.app */;
			productType = "com.apple.product-type.application";
		};
/* End PBXNativeTarget section */

/* Begin PBXProject section */
		8DD0DAEC278611A800F113AD /* Project object */ = {
			isa = PBXProject;
			attributes = {
				BuildIndependentTargetsInParallel = 1;
				LastSwiftUpdateCheck = 1320;
				LastUpgradeCheck = 1320;
				TargetAttributes = {
					8DD0DAF3278611A800F113AD = {
						CreatedOnToolsVersion = 13.2.1;
					};
				};
			};
			buildConfigurationList = 8DD0DAEF278611A800F113AD /* Build configuration list for PBXProject "Messenger" */;
			compatibilityVersion = "Xcode 13.0";
			developmentRegion = en;
			hasScannedForEncodings = 0;
			knownRegions = (
				en,
				Base,
			);
			mainGroup = 8DD0DAEB278611A800F113AD;
			productRefGroup = 8DD0DAF5278611A800F113AD /* Products */;
			projectDirPath = "";
			projectRoot = "";
			targets = (
				8DD0DAF3278611A800F113AD /* Messenger */,
			);
		};
/* End PBXProject section */

/* Begin PBXResourcesBuildPhase section */
		8DD0DAF2278611A800F113AD /* Resources */ = {
			isa = PBXResourcesBuildPhase;
			buildActionMask = 2147483647;
			files = (
				8DD0DB04278611AA00F113AD /* LaunchScreen.storyboard in Resources */,
				8D7AE8C727DDDB5C00B3C681 /* GoogleService-Info.plist in Resources */,
				8DD0DB01278611AA00F113AD /* Assets.xcassets in Resources */,
				8DD0DAFF278611A800F113AD /* Main.storyboard in Resources */,
			);
			runOnlyForDeploymentPostprocessing = 0;
		};
/* End PBXResourcesBuildPhase section */

/* Begin PBXShellScriptBuildPhase section */
		04EE2C25D6A2E4314ABC75DA /* [CP] Embed Pods Frameworks */ = {
			isa = PBXShellScriptBuildPhase;
			buildActionMask = 2147483647;
			files = (
			);
			inputFileListPaths = (
				"${PODS_ROOT}/Target Support Files/Pods-Messenger/Pods-Messenger-frameworks-${CONFIGURATION}-input-files.xcfilelist",
			);
			name = "[CP] Embed Pods Frameworks";
			outputFileListPaths = (
				"${PODS_ROOT}/Target Support Files/Pods-Messenger/Pods-Messenger-frameworks-${CONFIGURATION}-output-files.xcfilelist",
			);
			runOnlyForDeploymentPostprocessing = 0;
			shellPath = /bin/sh;
			shellScript = "\"${PODS_ROOT}/Target Support Files/Pods-Messenger/Pods-Messenger-frameworks.sh\"\n";
			showEnvVarsInLog = 0;
		};
		0C85E1F1B61B0C030479AD49 /* [CP] Check Pods Manifest.lock */ = {
			isa = PBXShellScriptBuildPhase;
			buildActionMask = 2147483647;
			files = (
			);
			inputFileListPaths = (
			);
			inputPaths = (
				"${PODS_PODFILE_DIR_PATH}/Podfile.lock",
				"${PODS_ROOT}/Manifest.lock",
			);
			name = "[CP] Check Pods Manifest.lock";
			outputFileListPaths = (
			);
			outputPaths = (
				"$(DERIVED_FILE_DIR)/Pods-Messenger-checkManifestLockResult.txt",
			);
			runOnlyForDeploymentPostprocessing = 0;
			shellPath = /bin/sh;
			shellScript = "diff \"${PODS_PODFILE_DIR_PATH}/Podfile.lock\" \"${PODS_ROOT}/Manifest.lock\" > /dev/null\nif [ $? != 0 ] ; then\n    # print error to STDERR\n    echo \"error: The sandbox is not in sync with the Podfile.lock. Run 'pod install' or update your CocoaPods installation.\" >&2\n    exit 1\nfi\n# This output is used by Xcode 'outputs' to avoid re-running this script phase.\necho \"SUCCESS\" > \"${SCRIPT_OUTPUT_FILE_0}\"\n";
			showEnvVarsInLog = 0;
		};
		8D7FD7D527C2A8BA001C5647 /* ShellScript */ = {
			isa = PBXShellScriptBuildPhase;
			alwaysOutOfDate = 1;
			buildActionMask = 2147483647;
			files = (
			);
			inputFileListPaths = (
			);
			inputPaths = (
			);
			outputFileListPaths = (
			);
			outputPaths = (
				$SRCROOT/R.generated.swift,
			);
			runOnlyForDeploymentPostprocessing = 0;
			shellPath = /bin/sh;
			shellScript = "\"$PODS_ROOT/R.swift/rswift\" generate \"$SRCROOT/R.generated.swift\"\n# Type a script or drag a script file from your workspace to insert its path.\n";
		};
/* End PBXShellScriptBuildPhase section */

/* Begin PBXSourcesBuildPhase section */
		8DD0DAF0278611A800F113AD /* Sources */ = {
			isa = PBXSourcesBuildPhase;
			buildActionMask = 2147483647;
			files = (
				8DD0DB122787469600F113AD /* LoginViewController.swift in Sources */,
				8DD0DB14278746A200F113AD /* RegisterViewController.swift in Sources */,
				8DD0DB1A27874BF600F113AD /* NewConversationViewController.swift in Sources */,
				8DD0DAFC278611A800F113AD /* ConversationViewController.swift in Sources */,
				8DD0DB1827874BDA00F113AD /* VideoPlayerViewController.swift in Sources */,
				8DD0DAF8278611A800F113AD /* AppDelegate.swift in Sources */,
				8DD0DB1C27874C0C00F113AD /* ProfileViewController.swift in Sources */,
				8D7FD7D727C2A9C6001C5647 /* R.generated.swift in Sources */,
				8D7AE8C927E109C100B3C681 /* DatabaseManager.swift in Sources */,
				8DD0DAFA278611A800F113AD /* SceneDelegate.swift in Sources */,
				8D7FD7D927C2ABE5001C5647 /* Extensions.swift in Sources */,
				8DD0DB1627874BCD00F113AD /* PhotoViewerViewController.swift in Sources */,
			);
			runOnlyForDeploymentPostprocessing = 0;
		};
/* End PBXSourcesBuildPhase section */

/* Begin PBXVariantGroup section */
		8DD0DAFD278611A800F113AD /* Main.storyboard */ = {
			isa = PBXVariantGroup;
			children = (
				8DD0DAFE278611A800F113AD /* Base */,
			);
			name = Main.storyboard;
			sourceTree = "<group>";
		};
		8DD0DB02278611AA00F113AD /* LaunchScreen.storyboard */ = {
			isa = PBXVariantGroup;
			children = (
				8DD0DB03278611AA00F113AD /* Base */,
			);
			name = LaunchScreen.storyboard;
			sourceTree = "<group>";
		};
/* End PBXVariantGroup section */

/* Begin XCBuildConfiguration section */
		8DD0DB06278611AA00F113AD /* Debug */ = {
			isa = XCBuildConfiguration;
			buildSettings = {
				ALWAYS_SEARCH_USER_PATHS = NO;
				CLANG_ANALYZER_NONNULL = YES;
				CLANG_ANALYZER_NUMBER_OBJECT_CONVERSION = YES_AGGRESSIVE;
				CLANG_CXX_LANGUAGE_STANDARD = "gnu++17";
				CLANG_CXX_LIBRARY = "libc++";
				CLANG_ENABLE_MODULES = YES;
				CLANG_ENABLE_OBJC_ARC = YES;
				CLANG_ENABLE_OBJC_WEAK = YES;
				CLANG_WARN_BLOCK_CAPTURE_AUTORELEASING = YES;
				CLANG_WARN_BOOL_CONVERSION = YES;
				CLANG_WARN_COMMA = YES;
				CLANG_WARN_CONSTANT_CONVERSION = YES;
				CLANG_WARN_DEPRECATED_OBJC_IMPLEMENTATIONS = YES;
				CLANG_WARN_DIRECT_OBJC_ISA_USAGE = YES_ERROR;
				CLANG_WARN_DOCUMENTATION_COMMENTS = YES;
				CLANG_WARN_EMPTY_BODY = YES;
				CLANG_WARN_ENUM_CONVERSION = YES;
				CLANG_WARN_INFINITE_RECURSION = YES;
				CLANG_WARN_INT_CONVERSION = YES;
				CLANG_WARN_NON_LITERAL_NULL_CONVERSION = YES;
				CLANG_WARN_OBJC_IMPLICIT_RETAIN_SELF = YES;
				CLANG_WARN_OBJC_LITERAL_CONVERSION = YES;
				CLANG_WARN_OBJC_ROOT_CLASS = YES_ERROR;
				CLANG_WARN_QUOTED_INCLUDE_IN_FRAMEWORK_HEADER = YES;
				CLANG_WARN_RANGE_LOOP_ANALYSIS = YES;
				CLANG_WARN_STRICT_PROTOTYPES = YES;
				CLANG_WARN_SUSPICIOUS_MOVE = YES;
				CLANG_WARN_UNGUARDED_AVAILABILITY = YES_AGGRESSIVE;
				CLANG_WARN_UNREACHABLE_CODE = YES;
				CLANG_WARN__DUPLICATE_METHOD_MATCH = YES;
				COPY_PHASE_STRIP = NO;
				DEBUG_INFORMATION_FORMAT = dwarf;
				ENABLE_STRICT_OBJC_MSGSEND = YES;
				ENABLE_TESTABILITY = YES;
				GCC_C_LANGUAGE_STANDARD = gnu11;
				GCC_DYNAMIC_NO_PIC = NO;
				GCC_NO_COMMON_BLOCKS = YES;
				GCC_OPTIMIZATION_LEVEL = 0;
				GCC_PREPROCESSOR_DEFINITIONS = (
					"DEBUG=1",
					"$(inherited)",
				);
				GCC_WARN_64_TO_32_BIT_CONVERSION = YES;
				GCC_WARN_ABOUT_RETURN_TYPE = YES_ERROR;
				GCC_WARN_UNDECLARED_SELECTOR = YES;
				GCC_WARN_UNINITIALIZED_AUTOS = YES_AGGRESSIVE;
				GCC_WARN_UNUSED_FUNCTION = YES;
				GCC_WARN_UNUSED_VARIABLE = YES;
				IPHONEOS_DEPLOYMENT_TARGET = 15.2;
				MTL_ENABLE_DEBUG_INFO = INCLUDE_SOURCE;
				MTL_FAST_MATH = YES;
				ONLY_ACTIVE_ARCH = YES;
				SDKROOT = iphoneos;
				SWIFT_ACTIVE_COMPILATION_CONDITIONS = DEBUG;
				SWIFT_OPTIMIZATION_LEVEL = "-Onone";
			};
			name = Debug;
		};
		8DD0DB07278611AA00F113AD /* Release */ = {
			isa = XCBuildConfiguration;
			buildSettings = {
				ALWAYS_SEARCH_USER_PATHS = NO;
				CLANG_ANALYZER_NONNULL = YES;
				CLANG_ANALYZER_NUMBER_OBJECT_CONVERSION = YES_AGGRESSIVE;
				CLANG_CXX_LANGUAGE_STANDARD = "gnu++17";
				CLANG_CXX_LIBRARY = "libc++";
				CLANG_ENABLE_MODULES = YES;
				CLANG_ENABLE_OBJC_ARC = YES;
				CLANG_ENABLE_OBJC_WEAK = YES;
				CLANG_WARN_BLOCK_CAPTURE_AUTORELEASING = YES;
				CLANG_WARN_BOOL_CONVERSION = YES;
				CLANG_WARN_COMMA = YES;
				CLANG_WARN_CONSTANT_CONVERSION = YES;
				CLANG_WARN_DEPRECATED_OBJC_IMPLEMENTATIONS = YES;
				CLANG_WARN_DIRECT_OBJC_ISA_USAGE = YES_ERROR;
				CLANG_WARN_DOCUMENTATION_COMMENTS = YES;
				CLANG_WARN_EMPTY_BODY = YES;
				CLANG_WARN_ENUM_CONVERSION = YES;
				CLANG_WARN_INFINITE_RECURSION = YES;
				CLANG_WARN_INT_CONVERSION = YES;
				CLANG_WARN_NON_LITERAL_NULL_CONVERSION = YES;
				CLANG_WARN_OBJC_IMPLICIT_RETAIN_SELF = YES;
				CLANG_WARN_OBJC_LITERAL_CONVERSION = YES;
				CLANG_WARN_OBJC_ROOT_CLASS = YES_ERROR;
				CLANG_WARN_QUOTED_INCLUDE_IN_FRAMEWORK_HEADER = YES;
				CLANG_WARN_RANGE_LOOP_ANALYSIS = YES;
				CLANG_WARN_STRICT_PROTOTYPES = YES;
				CLANG_WARN_SUSPICIOUS_MOVE = YES;
				CLANG_WARN_UNGUARDED_AVAILABILITY = YES_AGGRESSIVE;
				CLANG_WARN_UNREACHABLE_CODE = YES;
				CLANG_WARN__DUPLICATE_METHOD_MATCH = YES;
				COPY_PHASE_STRIP = NO;
				DEBUG_INFORMATION_FORMAT = "dwarf-with-dsym";
				ENABLE_NS_ASSERTIONS = NO;
				ENABLE_STRICT_OBJC_MSGSEND = YES;
				GCC_C_LANGUAGE_STANDARD = gnu11;
				GCC_NO_COMMON_BLOCKS = YES;
				GCC_WARN_64_TO_32_BIT_CONVERSION = YES;
				GCC_WARN_ABOUT_RETURN_TYPE = YES_ERROR;
				GCC_WARN_UNDECLARED_SELECTOR = YES;
				GCC_WARN_UNINITIALIZED_AUTOS = YES_AGGRESSIVE;
				GCC_WARN_UNUSED_FUNCTION = YES;
				GCC_WARN_UNUSED_VARIABLE = YES;
				IPHONEOS_DEPLOYMENT_TARGET = 15.2;
				MTL_ENABLE_DEBUG_INFO = NO;
				MTL_FAST_MATH = YES;
				SDKROOT = iphoneos;
				SWIFT_COMPILATION_MODE = wholemodule;
				SWIFT_OPTIMIZATION_LEVEL = "-O";
				VALIDATE_PRODUCT = YES;
			};
			name = Release;
		};
		8DD0DB09278611AA00F113AD /* Debug */ = {
			isa = XCBuildConfiguration;
			baseConfigurationReference = 9CC871769872C262E01AEC76 /* Pods-Messenger.debug.xcconfig */;
			buildSettings = {
				ASSETCATALOG_COMPILER_APPICON_NAME = AppIcon;
				ASSETCATALOG_COMPILER_GLOBAL_ACCENT_COLOR_NAME = AccentColor;
				CODE_SIGN_STYLE = Automatic;
				CURRENT_PROJECT_VERSION = 1;
				DEVELOPMENT_TEAM = 56MT6D8AC2;
				GENERATE_INFOPLIST_FILE = YES;
				INFOPLIST_FILE = Messenger/Info.plist;
				INFOPLIST_KEY_UIApplicationSupportsIndirectInputEvents = YES;
				INFOPLIST_KEY_UILaunchStoryboardName = LaunchScreen;
				INFOPLIST_KEY_UIMainStoryboardFile = Main;
				INFOPLIST_KEY_UISupportedInterfaceOrientations = UIInterfaceOrientationPortrait;
				INFOPLIST_KEY_UISupportedInterfaceOrientations_iPad = "UIInterfaceOrientationPortrait UIInterfaceOrientationPortraitUpsideDown UIInterfaceOrientationLandscapeLeft UIInterfaceOrientationLandscapeRight";
				INFOPLIST_KEY_UISupportedInterfaceOrientations_iPhone = "UIInterfaceOrientationPortrait UIInterfaceOrientationLandscapeLeft UIInterfaceOrientationLandscapeRight";
				LD_RUNPATH_SEARCH_PATHS = (
					"$(inherited)",
					"@executable_path/Frameworks",
				);
				MARKETING_VERSION = 1.0;
				PRODUCT_BUNDLE_IDENTIFIER = jaydenkong.Messenger;
				PRODUCT_NAME = "$(TARGET_NAME)";
				SWIFT_EMIT_LOC_STRINGS = YES;
				SWIFT_VERSION = 5.0;
				TARGETED_DEVICE_FAMILY = "1,2";
			};
			name = Debug;
		};
		8DD0DB0A278611AA00F113AD /* Release */ = {
			isa = XCBuildConfiguration;
			baseConfigurationReference = 96FBD4943CB7A118F35C70FF /* Pods-Messenger.release.xcconfig */;
			buildSettings = {
				ASSETCATALOG_COMPILER_APPICON_NAME = AppIcon;
				ASSETCATALOG_COMPILER_GLOBAL_ACCENT_COLOR_NAME = AccentColor;
				CODE_SIGN_STYLE = Automatic;
				CURRENT_PROJECT_VERSION = 1;
				DEVELOPMENT_TEAM = 56MT6D8AC2;
				GENERATE_INFOPLIST_FILE = YES;
				INFOPLIST_FILE = Messenger/Info.plist;
				INFOPLIST_KEY_UIApplicationSupportsIndirectInputEvents = YES;
				INFOPLIST_KEY_UILaunchStoryboardName = LaunchScreen;
				INFOPLIST_KEY_UIMainStoryboardFile = Main;
				INFOPLIST_KEY_UISupportedInterfaceOrientations = UIInterfaceOrientationPortrait;
				INFOPLIST_KEY_UISupportedInterfaceOrientations_iPad = "UIInterfaceOrientationPortrait UIInterfaceOrientationPortraitUpsideDown UIInterfaceOrientationLandscapeLeft UIInterfaceOrientationLandscapeRight";
				INFOPLIST_KEY_UISupportedInterfaceOrientations_iPhone = "UIInterfaceOrientationPortrait UIInterfaceOrientationLandscapeLeft UIInterfaceOrientationLandscapeRight";
				LD_RUNPATH_SEARCH_PATHS = (
					"$(inherited)",
					"@executable_path/Frameworks",
				);
				MARKETING_VERSION = 1.0;
				PRODUCT_BUNDLE_IDENTIFIER = jaydenkong.Messenger;
				PRODUCT_NAME = "$(TARGET_NAME)";
				SWIFT_EMIT_LOC_STRINGS = YES;
				SWIFT_VERSION = 5.0;
				TARGETED_DEVICE_FAMILY = "1,2";
			};
			name = Release;
		};
/* End XCBuildConfiguration section */

/* Begin XCConfigurationList section */
		8DD0DAEF278611A800F113AD /* Build configuration list for PBXProject "Messenger" */ = {
			isa = XCConfigurationList;
			buildConfigurations = (
				8DD0DB06278611AA00F113AD /* Debug */,
				8DD0DB07278611AA00F113AD /* Release */,
			);
			defaultConfigurationIsVisible = 0;
			defaultConfigurationName = Release;
		};
		8DD0DB08278611AA00F113AD /* Build configuration list for PBXNativeTarget "Messenger" */ = {
			isa = XCConfigurationList;
			buildConfigurations = (
				8DD0DB09278611AA00F113AD /* Debug */,
				8DD0DB0A278611AA00F113AD /* Release */,
			);
			defaultConfigurationIsVisible = 0;
			defaultConfigurationName = Release;
		};
/* End XCConfigurationList section */
	};
	rootObject = 8DD0DAEC278611A800F113AD /* Project object */;
}
